
Microsoft Visual Studio Solution File, Format Version 12.00
# Visual Studio 15
VisualStudioVersion = 15.0.25807.0
MinimumVisualStudioVersion = 10.0.40219.1
Project("{2150E333-8FDC-42A3-9474-1A3956D46DE8}") = "Engine", "Engine", "{930275CB-6E5D-4475-8A4E-107F4D09965C}"
EndProject
Project("{2150E333-8FDC-42A3-9474-1A3956D46DE8}") = "Enterprise", "Enterprise", "{7B2472E7-FFD5-4638-B819-FC709DF274D8}"
EndProject
Project("{2150E333-8FDC-42A3-9474-1A3956D46DE8}") = "Games", "Games", "{297C943B-AA76-4A6A-A7C5-156791A96F82}"
EndProject
Project("{8BC9CEB8-8B4A-11D0-8D11-00A0C91BC942}") = "UE4", "Intermediate\ProjectFiles\UE4.vcxproj", "{5407DE51-8077-4A17-978F-13271AC47921}"
EndProject
Project("{8BC9CEB8-8B4A-11D0-8D11-00A0C91BC942}") = "Studio", "Intermediate\ProjectFiles\Studio.vcxproj", "{851F7B50-07C9-4D4F-AA01-472E24631894}"
EndProject
Project("{8BC9CEB8-8B4A-11D0-8D11-00A0C91BC942}") = "BuildingEscape", "Intermediate\ProjectFiles\BuildingEscape.vcxproj", "{23E2630E-2FA4-4175-8C8C-8881FC5C1079}"
EndProject
Project("{2150E333-8FDC-42A3-9474-1A3956D46DE8}") = "Visualizers", "Visualizers", "{17307186-717E-40C4-83DC-3FF6DACF10FD}"
	ProjectSection(SolutionItems) = preProject
		..\..\..\..\..\..\Program Files\Epic Games\UE_4.21\Engine\Extras\VisualStudioDebugging\UE4.natvis = ..\..\..\..\..\..\Program Files\Epic Games\UE_4.21\Engine\Extras\VisualStudioDebugging\UE4.natvis
	EndProjectSection
EndProject
Global
	GlobalSection(SolutionConfigurationPlatforms) = preSolution
		DebugGame Editor|HTML5 = DebugGame Editor|HTML5
		DebugGame Editor|Win32 = DebugGame Editor|Win32
		DebugGame Editor|Win64 = DebugGame Editor|Win64
		DebugGame|HTML5 = DebugGame|HTML5
		DebugGame|Win32 = DebugGame|Win32
		DebugGame|Win64 = DebugGame|Win64
		Development Editor|HTML5 = Development Editor|HTML5
		Development Editor|Win32 = Development Editor|Win32
		Development Editor|Win64 = Development Editor|Win64
		Development|HTML5 = Development|HTML5
		Development|Win32 = Development|Win32
		Development|Win64 = Development|Win64
		Shipping|HTML5 = Shipping|HTML5
		Shipping|Win32 = Shipping|Win32
		Shipping|Win64 = Shipping|Win64
	EndGlobalSection
	GlobalSection(ProjectConfigurationPlatforms) = postSolution
		{5407DE51-8077-4A17-978F-13271AC47921}.DebugGame Editor|HTML5.ActiveCfg = BuiltWithUnrealBuildTool|Win32
		{5407DE51-8077-4A17-978F-13271AC47921}.DebugGame Editor|Win32.ActiveCfg = BuiltWithUnrealBuildTool|Win32
		{5407DE51-8077-4A17-978F-13271AC47921}.DebugGame Editor|Win64.ActiveCfg = BuiltWithUnrealBuildTool|Win32
		{5407DE51-8077-4A17-978F-13271AC47921}.DebugGame|HTML5.ActiveCfg = BuiltWithUnrealBuildTool|Win32
		{5407DE51-8077-4A17-978F-13271AC47921}.DebugGame|Win32.ActiveCfg = BuiltWithUnrealBuildTool|Win32
		{5407DE51-8077-4A17-978F-13271AC47921}.DebugGame|Win64.ActiveCfg = BuiltWithUnrealBuildTool|Win32
		{5407DE51-8077-4A17-978F-13271AC47921}.Development Editor|HTML5.ActiveCfg = BuiltWithUnrealBuildTool|Win32
		{5407DE51-8077-4A17-978F-13271AC47921}.Development Editor|Win32.ActiveCfg = BuiltWithUnrealBuildTool|Win32
		{5407DE51-8077-4A17-978F-13271AC47921}.Development Editor|Win64.ActiveCfg = BuiltWithUnrealBuildTool|Win32
		{5407DE51-8077-4A17-978F-13271AC47921}.Development|HTML5.ActiveCfg = BuiltWithUnrealBuildTool|Win32
		{5407DE51-8077-4A17-978F-13271AC47921}.Development|Win32.ActiveCfg = BuiltWithUnrealBuildTool|Win32
		{5407DE51-8077-4A17-978F-13271AC47921}.Development|Win64.ActiveCfg = BuiltWithUnrealBuildTool|Win32
		{5407DE51-8077-4A17-978F-13271AC47921}.Shipping|HTML5.ActiveCfg = BuiltWithUnrealBuildTool|Win32
		{5407DE51-8077-4A17-978F-13271AC47921}.Shipping|Win32.ActiveCfg = BuiltWithUnrealBuildTool|Win32
		{5407DE51-8077-4A17-978F-13271AC47921}.Shipping|Win64.ActiveCfg = BuiltWithUnrealBuildTool|Win32
		{851F7B50-07C9-4D4F-AA01-472E24631894}.DebugGame Editor|HTML5.ActiveCfg = BuiltWithUnrealBuildTool|Win32
		{851F7B50-07C9-4D4F-AA01-472E24631894}.DebugGame Editor|Win32.ActiveCfg = BuiltWithUnrealBuildTool|Win32
		{851F7B50-07C9-4D4F-AA01-472E24631894}.DebugGame Editor|Win64.ActiveCfg = BuiltWithUnrealBuildTool|Win32
		{851F7B50-07C9-4D4F-AA01-472E24631894}.DebugGame|HTML5.ActiveCfg = BuiltWithUnrealBuildTool|Win32
		{851F7B50-07C9-4D4F-AA01-472E24631894}.DebugGame|Win32.ActiveCfg = BuiltWithUnrealBuildTool|Win32
		{851F7B50-07C9-4D4F-AA01-472E24631894}.DebugGame|Win64.ActiveCfg = BuiltWithUnrealBuildTool|Win32
		{851F7B50-07C9-4D4F-AA01-472E24631894}.Development Editor|HTML5.ActiveCfg = BuiltWithUnrealBuildTool|Win32
		{851F7B50-07C9-4D4F-AA01-472E24631894}.Development Editor|Win32.ActiveCfg = BuiltWithUnrealBuildTool|Win32
		{851F7B50-07C9-4D4F-AA01-472E24631894}.Development Editor|Win64.ActiveCfg = BuiltWithUnrealBuildTool|Win32
		{851F7B50-07C9-4D4F-AA01-472E24631894}.Development|HTML5.ActiveCfg = BuiltWithUnrealBuildTool|Win32
		{851F7B50-07C9-4D4F-AA01-472E24631894}.Development|Win32.ActiveCfg = BuiltWithUnrealBuildTool|Win32
		{851F7B50-07C9-4D4F-AA01-472E24631894}.Development|Win64.ActiveCfg = BuiltWithUnrealBuildTool|Win32
		{851F7B50-07C9-4D4F-AA01-472E24631894}.Shipping|HTML5.ActiveCfg = BuiltWithUnrealBuildTool|Win32
		{851F7B50-07C9-4D4F-AA01-472E24631894}.Shipping|Win32.ActiveCfg = BuiltWithUnrealBuildTool|Win32
		{851F7B50-07C9-4D4F-AA01-472E24631894}.Shipping|Win64.ActiveCfg = BuiltWithUnrealBuildTool|Win32
		{23E2630E-2FA4-4175-8C8C-8881FC5C1079}.DebugGame Editor|HTML5.ActiveCfg = Invalid|Win32
		{23E2630E-2FA4-4175-8C8C-8881FC5C1079}.DebugGame Editor|Win32.ActiveCfg = Invalid|Win32
		{23E2630E-2FA4-4175-8C8C-8881FC5C1079}.DebugGame Editor|Win64.ActiveCfg = DebugGame_Editor|x64
		{23E2630E-2FA4-4175-8C8C-8881FC5C1079}.DebugGame Editor|Win64.Build.0 = DebugGame_Editor|x64
		{23E2630E-2FA4-4175-8C8C-8881FC5C1079}.DebugGame|HTML5.ActiveCfg = HTML5_DebugGame|Win32
		{23E2630E-2FA4-4175-8C8C-8881FC5C1079}.DebugGame|HTML5.Build.0 = HTML5_DebugGame|Win32
		{23E2630E-2FA4-4175-8C8C-8881FC5C1079}.DebugGame|Win32.ActiveCfg = DebugGame|Win32
		{23E2630E-2FA4-4175-8C8C-8881FC5C1079}.DebugGame|Win32.Build.0 = DebugGame|Win32
		{23E2630E-2FA4-4175-8C8C-8881FC5C1079}.DebugGame|Win64.ActiveCfg = DebugGame|x64
		{23E2630E-2FA4-4175-8C8C-8881FC5C1079}.DebugGame|Win64.Build.0 = DebugGame|x64
		{23E2630E-2FA4-4175-8C8C-8881FC5C1079}.Development Editor|HTML5.ActiveCfg = Invalid|Win32
		{23E2630E-2FA4-4175-8C8C-8881FC5C1079}.Development Editor|Win32.ActiveCfg = Invalid|Win32
		{23E2630E-2FA4-4175-8C8C-8881FC5C1079}.Development Editor|Win64.ActiveCfg = Development_Editor|x64
		{23E2630E-2FA4-4175-8C8C-8881FC5C1079}.Development Editor|Win64.Build.0 = Development_Editor|x64
		{23E2630E-2FA4-4175-8C8C-8881FC5C1079}.Development|HTML5.ActiveCfg = HTML5_Development|Win32
		{23E2630E-2FA4-4175-8C8C-8881FC5C1079}.Development|HTML5.Build.0 = HTML5_Development|Win32
		{23E2630E-2FA4-4175-8C8C-8881FC5C1079}.Development|Win32.ActiveCfg = Development|Win32
		{23E2630E-2FA4-4175-8C8C-8881FC5C1079}.Development|Win32.Build.0 = Development|Win32
		{23E2630E-2FA4-4175-8C8C-8881FC5C1079}.Development|Win64.ActiveCfg = Development|x64
		{23E2630E-2FA4-4175-8C8C-8881FC5C1079}.Development|Win64.Build.0 = Development|x64
		{23E2630E-2FA4-4175-8C8C-8881FC5C1079}.Shipping|HTML5.ActiveCfg = HTML5_Shipping|Win32
		{23E2630E-2FA4-4175-8C8C-8881FC5C1079}.Shipping|HTML5.Build.0 = HTML5_Shipping|Win32
		{23E2630E-2FA4-4175-8C8C-8881FC5C1079}.Shipping|Win32.ActiveCfg = Shipping|Win32
		{23E2630E-2FA4-4175-8C8C-8881FC5C1079}.Shipping|Win32.Build.0 = Shipping|Win32
		{23E2630E-2FA4-4175-8C8C-8881FC5C1079}.Shipping|Win64.ActiveCfg = Shipping|x64
		{23E2630E-2FA4-4175-8C8C-8881FC5C1079}.Shipping|Win64.Build.0 = Shipping|x64
	EndGlobalSection
	GlobalSection(SolutionProperties) = preSolution
		HideSolutionNode = FALSE
	EndGlobalSection
	GlobalSection(NestedProjects) = preSolution
		{5407DE51-8077-4A17-978F-13271AC47921} = {930275CB-6E5D-4475-8A4E-107F4D09965C}
		{851F7B50-07C9-4D4F-AA01-472E24631894} = {7B2472E7-FFD5-4638-B819-FC709DF274D8}
		{23E2630E-2FA4-4175-8C8C-8881FC5C1079} = {297C943B-AA76-4A6A-A7C5-156791A96F82}
	EndGlobalSection
EndGlobal
